
Microsoft Visual Studio Solution File, Format Version 12.00
# Visual Studio Version 16
VisualStudioVersion = 16.0.33214.272
MinimumVisualStudioVersion = 10.0.40219.1
Project("{FAE04EC0-301F-11D3-BF4B-00C04F79EFBC}") = "XlsxToCsvTest", "XlsxToCsvTest.csproj", "{64FC63BB-8A37-4EE7-A4A0-D88B99F3CEDC}"
EndProject
Global
	GlobalSection(SolutionConfigurationPlatforms) = preSolution
		Debug|Any CPU = Debug|Any CPU
		Release|Any CPU = Release|Any CPU
	EndGlobalSection
	GlobalSection(ProjectConfigurationPlatforms) = postSolution
		{64FC63BB-8A37-4EE7-A4A0-D88B99F3CEDC}.Debug|Any CPU.ActiveCfg = Debug|Any CPU
		{64FC63BB-8A37-4EE7-A4A0-D88B99F3CEDC}.Debug|Any CPU.Build.0 = Debug|Any CPU
		{64FC63BB-8A37-4EE7-A4A0-D88B99F3CEDC}.Release|Any CPU.ActiveCfg = Release|Any CPU
		{64FC63BB-8A37-4EE7-A4A0-D88B99F3CEDC}.Release|Any CPU.Build.0 = Release|Any CPU
	EndGlobalSection
	GlobalSection(SolutionProperties) = preSolution
		HideSolutionNode = FALSE
	EndGlobalSection
	GlobalSection(ExtensibilityGlobals) = postSolution
		SolutionGuid = {08D16D48-F35B-47A6-84FE-0537E29535C5}
	EndGlobalSection
EndGlobal
